
Microsoft Visual Studio Solution File, Format Version 11.00
# Visual Studio 2010
Project("{FAE04EC0-301F-11D3-BF4B-00C04F79EFBC}") = "WARDI", "Assembly-CSharp.csproj", "{714F5EFD-803B-2E7C-594D-06C1F391D583}"
EndProject
Project("{FAE04EC0-301F-11D3-BF4B-00C04F79EFBC}") = "WARDI", "Assembly-CSharp-Editor.csproj", "{D3AE0B68-20C6-0A3A-FB99-076B22B94BF2}"
EndProject
Global
	GlobalSection(SolutionConfigurationPlatforms) = preSolution
		Debug|Any CPU = Debug|Any CPU
		Release|Any CPU = Release|Any CPU
	EndGlobalSection
	GlobalSection(ProjectConfigurationPlatforms) = postSolution
		{714F5EFD-803B-2E7C-594D-06C1F391D583}.Debug|Any CPU.ActiveCfg = Debug|Any CPU
		{714F5EFD-803B-2E7C-594D-06C1F391D583}.Debug|Any CPU.Build.0 = Debug|Any CPU
		{714F5EFD-803B-2E7C-594D-06C1F391D583}.Release|Any CPU.ActiveCfg = Release|Any CPU
		{714F5EFD-803B-2E7C-594D-06C1F391D583}.Release|Any CPU.Build.0 = Release|Any CPU
		{D3AE0B68-20C6-0A3A-FB99-076B22B94BF2}.Debug|Any CPU.ActiveCfg = Debug|Any CPU
		{D3AE0B68-20C6-0A3A-FB99-076B22B94BF2}.Debug|Any CPU.Build.0 = Debug|Any CPU
		{D3AE0B68-20C6-0A3A-FB99-076B22B94BF2}.Release|Any CPU.ActiveCfg = Release|Any CPU
		{D3AE0B68-20C6-0A3A-FB99-076B22B94BF2}.Release|Any CPU.Build.0 = Release|Any CPU
	EndGlobalSection
	GlobalSection(SolutionProperties) = preSolution
		HideSolutionNode = FALSE
	EndGlobalSection
	GlobalSection(MonoDevelopProperties) = preSolution
		StartupItem = Assembly-CSharp.csproj
	EndGlobalSection
EndGlobal
