
Microsoft Visual Studio Solution File, Format Version 12.00
# Visual Studio 2017
Project("{FAE04EC0-301F-11D3-BF4B-00C04F79EFBC}") = "Wardi-Project-master", "Wardi-Project-master.csproj", "{D9743FA4-478C-D8B2-4D09-76C6FBE86317}"
EndProject
Project("{FAE04EC0-301F-11D3-BF4B-00C04F79EFBC}") = "Wardi-Project-master.Editor", "Wardi-Project-master.Editor.csproj", "{967C03F6-213F-F443-5157-22D755BA68C5}"
EndProject
Global
	GlobalSection(SolutionConfigurationPlatforms) = preSolution
		Debug|Any CPU = Debug|Any CPU
		Release|Any CPU = Release|Any CPU
	EndGlobalSection
	GlobalSection(ProjectConfigurationPlatforms) = postSolution
		{D9743FA4-478C-D8B2-4D09-76C6FBE86317}.Debug|Any CPU.ActiveCfg = Debug|Any CPU
		{D9743FA4-478C-D8B2-4D09-76C6FBE86317}.Debug|Any CPU.Build.0 = Debug|Any CPU
		{D9743FA4-478C-D8B2-4D09-76C6FBE86317}.Release|Any CPU.ActiveCfg = Release|Any CPU
		{D9743FA4-478C-D8B2-4D09-76C6FBE86317}.Release|Any CPU.Build.0 = Release|Any CPU
		{967C03F6-213F-F443-5157-22D755BA68C5}.Debug|Any CPU.ActiveCfg = Debug|Any CPU
		{967C03F6-213F-F443-5157-22D755BA68C5}.Debug|Any CPU.Build.0 = Debug|Any CPU
		{967C03F6-213F-F443-5157-22D755BA68C5}.Release|Any CPU.ActiveCfg = Release|Any CPU
		{967C03F6-213F-F443-5157-22D755BA68C5}.Release|Any CPU.Build.0 = Release|Any CPU
	EndGlobalSection
	GlobalSection(SolutionProperties) = preSolution
		HideSolutionNode = FALSE
	EndGlobalSection
EndGlobal
